
Microsoft Visual Studio Solution File, Format Version 12.00
# Visual Studio 15
VisualStudioVersion = 15.0.26430.13
MinimumVisualStudioVersion = 10.0.40219.1
Project("{FAE04EC0-301F-11D3-BF4B-00C04F79EFBC}") = "cosmos-db-docdb-dotnet", "cosmos-db-docdb-dotnet\cosmos-db-docdb-dotnet.csproj", "{E461CF7F-5E08-43C9-9FAF-11E125062F13}"
EndProject
Global
	GlobalSection(SolutionConfigurationPlatforms) = preSolution
		Debug|Any CPU = Debug|Any CPU
		Release|Any CPU = Release|Any CPU
	EndGlobalSection
	GlobalSection(ProjectConfigurationPlatforms) = postSolution
		{E461CF7F-5E08-43C9-9FAF-11E125062F13}.Debug|Any CPU.ActiveCfg = Debug|Any CPU
		{E461CF7F-5E08-43C9-9FAF-11E125062F13}.Debug|Any CPU.Build.0 = Debug|Any CPU
		{E461CF7F-5E08-43C9-9FAF-11E125062F13}.Release|Any CPU.ActiveCfg = Release|Any CPU
		{E461CF7F-5E08-43C9-9FAF-11E125062F13}.Release|Any CPU.Build.0 = Release|Any CPU
	EndGlobalSection
	GlobalSection(SolutionProperties) = preSolution
		HideSolutionNode = FALSE
	EndGlobalSection
EndGlobal
